
Microsoft Visual Studio Solution File, Format Version 12.00
# Visual Studio Version 17
VisualStudioVersion = 17.13.35931.197 d17.13
MinimumVisualStudioVersion = 10.0.40219.1
Project("{FAE04EC0-301F-11D3-BF4B-00C04F79EFBC}") = "Restaurant", "Restaurant\Restaurant.csproj", "{C01E88F5-98B0-4CF1-9220-1196AE7A740C}"
EndProject
Global
	GlobalSection(SolutionConfigurationPlatforms) = preSolution
		Debug|Any CPU = Debug|Any CPU
		Release|Any CPU = Release|Any CPU
	EndGlobalSection
	GlobalSection(ProjectConfigurationPlatforms) = postSolution
		{C01E88F5-98B0-4CF1-9220-1196AE7A740C}.Debug|Any CPU.ActiveCfg = Debug|Any CPU
		{C01E88F5-98B0-4CF1-9220-1196AE7A740C}.Debug|Any CPU.Build.0 = Debug|Any CPU
		{C01E88F5-98B0-4CF1-9220-1196AE7A740C}.Release|Any CPU.ActiveCfg = Release|Any CPU
		{C01E88F5-98B0-4CF1-9220-1196AE7A740C}.Release|Any CPU.Build.0 = Release|Any CPU
	EndGlobalSection
	GlobalSection(SolutionProperties) = preSolution
		HideSolutionNode = FALSE
	EndGlobalSection
	GlobalSection(ExtensibilityGlobals) = postSolution
		SolutionGuid = {342F5D94-6924-4CB8-827A-A30A21C519BD}
	EndGlobalSection
EndGlobal
